// !$*UTF8*$!
{
	archiveVersion = 1;
	classes = {
	};
	objectVersion = 46;
	objects = {

/* Begin PBXBuildFile section */
		233756291EC0DDD10051ED2C /* Offline Development in Resources */ = {isa = PBXBuildFile; fileRef = 233756281EC0DDD10051ED2C /* Offline Development */; };
		234094CE1EDEA3B700359C84 /* TableViewDiffing.swift in Sources */ = {isa = PBXBuildFile; fileRef = 234094CD1EDEA3B700359C84 /* TableViewDiffing.swift */; };
		234094D01EE012F000359C84 /* WebsiteCaching.swift in Sources */ = {isa = PBXBuildFile; fileRef = 234094CF1EE012F000359C84 /* WebsiteCaching.swift */; };
		234094D21EE2D07700359C84 /* Task+Void.swift in Sources */ = {isa = PBXBuildFile; fileRef = 234094D11EE2D07700359C84 /* Task+Void.swift */; };
		234094D41EE4273600359C84 /* TopToolbar.swift in Sources */ = {isa = PBXBuildFile; fileRef = 234094D31EE4273600359C84 /* TopToolbar.swift */; };
		234094D61EE545D700359C84 /* MoreCommentsBatching.swift in Sources */ = {isa = PBXBuildFile; fileRef = 234094D51EE545D700359C84 /* MoreCommentsBatching.swift */; };
		234DEB911EE63AF4001A79A1 /* CocoaMarkdown.framework in Frameworks */ = {isa = PBXBuildFile; fileRef = 234DEB901EE63AF4001A79A1 /* CocoaMarkdown.framework */; };
		234DEB951EE6A4C9001A79A1 /* CommentCellModel.swift in Sources */ = {isa = PBXBuildFile; fileRef = 234DEB941EE6A4C9001A79A1 /* CommentCellModel.swift */; };
		234DEB971EE7008B001A79A1 /* UIView+Xib.swift in Sources */ = {isa = PBXBuildFile; fileRef = 234DEB961EE7008B001A79A1 /* UIView+Xib.swift */; };
		2358C7A71EC7967E007F7B82 /* BoltsSwift.framework in Frameworks */ = {isa = PBXBuildFile; fileRef = 23A395FD1E7DE0A000030DEF /* BoltsSwift.framework */; };
		235E07C71E7E92E600D83D16 /* Constants.swift in Sources */ = {isa = PBXBuildFile; fileRef = 235E07C61E7E92E600D83D16 /* Constants.swift */; };
		235E07CB1E7EA0B900D83D16 /* UIViewController+Fetching.swift in Sources */ = {isa = PBXBuildFile; fileRef = 235E07CA1E7EA0B900D83D16 /* UIViewController+Fetching.swift */; };
		235E07D31E7F47CF00D83D16 /* example.json in Resources */ = {isa = PBXBuildFile; fileRef = 235E07D21E7F47CF00D83D16 /* example.json */; };
		235E07D51E7F492600D83D16 /* MoreComments.swift in Sources */ = {isa = PBXBuildFile; fileRef = 235E07D41E7F492600D83D16 /* MoreComments.swift */; };
		235E07D71E7F525100D83D16 /* NSManagedObject+Create.swift in Sources */ = {isa = PBXBuildFile; fileRef = 235E07D61E7F525100D83D16 /* NSManagedObject+Create.swift */; };
		235E07DD1E7F637000D83D16 /* Either.swift in Sources */ = {isa = PBXBuildFile; fileRef = 235E07DC1E7F637000D83D16 /* Either.swift */; };
		235E07DF1E7F863600D83D16 /* morecomments.json in Resources */ = {isa = PBXBuildFile; fileRef = 235E07DE1E7F863600D83D16 /* morecomments.json */; };
		235E07ED1E7FA20F00D83D16 /* Localizable.strings in Resources */ = {isa = PBXBuildFile; fileRef = 235E07E91E7FA20F00D83D16 /* Localizable.strings */; };
		235E07EE1E7FA20F00D83D16 /* Localizable.stringsdict in Resources */ = {isa = PBXBuildFile; fileRef = 235E07EB1E7FA20F00D83D16 /* Localizable.stringsdict */; };
		235E07FD1E80943D00D83D16 /* MarginTextField.swift in Sources */ = {isa = PBXBuildFile; fileRef = 235E07FC1E80943D00D83D16 /* MarginTextField.swift */; };
		235E08011E80D25100D83D16 /* SeparatorView.swift in Sources */ = {isa = PBXBuildFile; fileRef = 235E08001E80D25100D83D16 /* SeparatorView.swift */; };
		235E08031E80E4BF00D83D16 /* NavigationController.swift in Sources */ = {isa = PBXBuildFile; fileRef = 235E08021E80E4BF00D83D16 /* NavigationController.swift */; };
		235E08061E81430C00D83D16 /* NetworkReachability.m in Sources */ = {isa = PBXBuildFile; fileRef = 235E08051E81430C00D83D16 /* NetworkReachability.m */; };
		235E08081E81431D00D83D16 /* SystemConfiguration.framework in Frameworks */ = {isa = PBXBuildFile; fileRef = 235E08071E81431D00D83D16 /* SystemConfiguration.framework */; };
		2379B0761ECF787900925F9A /* CommentsCell.swift in Sources */ = {isa = PBXBuildFile; fileRef = 2379B0681ECF787900925F9A /* CommentsCell.swift */; };
		2379B0771ECF787900925F9A /* CommentsDataSource.swift in Sources */ = {isa = PBXBuildFile; fileRef = 2379B0691ECF787900925F9A /* CommentsDataSource.swift */; };
		2379B0781ECF787900925F9A /* CommentsDownloader.swift in Sources */ = {isa = PBXBuildFile; fileRef = 2379B06A1ECF787900925F9A /* CommentsDownloader.swift */; };
		2379B0791ECF787900925F9A /* CommentsViewController.swift in Sources */ = {isa = PBXBuildFile; fileRef = 2379B06B1ECF787900925F9A /* CommentsViewController.swift */; };
		2379B07A1ECF787900925F9A /* EitherMoreComments.swift in Sources */ = {isa = PBXBuildFile; fileRef = 2379B06C1ECF787900925F9A /* EitherMoreComments.swift */; };
		2379B07B1ECF787900925F9A /* PostCell.swift in Sources */ = {isa = PBXBuildFile; fileRef = 2379B06E1ECF787900925F9A /* PostCell.swift */; };
		2379B07C1ECF787900925F9A /* PostCellModel.swift in Sources */ = {isa = PBXBuildFile; fileRef = 2379B06F1ECF787900925F9A /* PostCellModel.swift */; };
		2379B07D1ECF787900925F9A /* PostsDataSource.swift in Sources */ = {isa = PBXBuildFile; fileRef = 2379B0701ECF787900925F9A /* PostsDataSource.swift */; };
		2379B07E1ECF787900925F9A /* PostsDownloader.swift in Sources */ = {isa = PBXBuildFile; fileRef = 2379B0711ECF787900925F9A /* PostsDownloader.swift */; };
		2379B07F1ECF787900925F9A /* PostsViewController.swift in Sources */ = {isa = PBXBuildFile; fileRef = 2379B0721ECF787900925F9A /* PostsViewController.swift */; };
		2379B0801ECF787900925F9A /* SubredditCell.swift in Sources */ = {isa = PBXBuildFile; fileRef = 2379B0741ECF787900925F9A /* SubredditCell.swift */; };
		2379B0811ECF787900925F9A /* SubredditsViewController.swift in Sources */ = {isa = PBXBuildFile; fileRef = 2379B0751ECF787900925F9A /* SubredditsViewController.swift */; };
		2379B0831ECF78B900925F9A /* PostsViewController.xib in Resources */ = {isa = PBXBuildFile; fileRef = 2379B0821ECF78B900925F9A /* PostsViewController.xib */; };
		2379B0851ECF794900925F9A /* PostCell.xib in Resources */ = {isa = PBXBuildFile; fileRef = 2379B0841ECF794900925F9A /* PostCell.xib */; };
		2379B0871ECF7CFA00925F9A /* CommentsViewController.xib in Resources */ = {isa = PBXBuildFile; fileRef = 2379B0861ECF7CFA00925F9A /* CommentsViewController.xib */; };
		2379B0891ECF7DE600925F9A /* CommentsCell.xib in Resources */ = {isa = PBXBuildFile; fileRef = 2379B0881ECF7DE600925F9A /* CommentsCell.xib */; };
		2379B08B1ECF7DFB00925F9A /* MoreCommentsCell.xib in Resources */ = {isa = PBXBuildFile; fileRef = 2379B08A1ECF7DFB00925F9A /* MoreCommentsCell.xib */; };
		2379B08D1ECF7E0A00925F9A /* MoreCommentsCell.swift in Sources */ = {isa = PBXBuildFile; fileRef = 2379B08C1ECF7E0A00925F9A /* MoreCommentsCell.swift */; };
		2379B08F1ECF81D400925F9A /* SubredditsViewController.xib in Resources */ = {isa = PBXBuildFile; fileRef = 2379B08E1ECF81D400925F9A /* SubredditsViewController.xib */; };
		2379B0911ECF821200925F9A /* SubredditCell.xib in Resources */ = {isa = PBXBuildFile; fileRef = 2379B0901ECF821200925F9A /* SubredditCell.xib */; };
		2379B0931ECF984000925F9A /* CommentsViewControllerTests.swift in Sources */ = {isa = PBXBuildFile; fileRef = 2379B0921ECF984000925F9A /* CommentsViewControllerTests.swift */; };
		2379B0951ED1B3E700925F9A /* ReusableCell.swift in Sources */ = {isa = PBXBuildFile; fileRef = 2379B0941ED1B3E700925F9A /* ReusableCell.swift */; };
		2379B09D1ED1BE2E00925F9A /* PostsProvider.swift in Sources */ = {isa = PBXBuildFile; fileRef = 2379B09C1ED1BE2E00925F9A /* PostsProvider.swift */; };
		2379B09F1ED1CDFB00925F9A /* CommentsProvider.swift in Sources */ = {isa = PBXBuildFile; fileRef = 2379B09E1ED1CDFB00925F9A /* CommentsProvider.swift */; };
		2379B0A11ED1D63100925F9A /* SettableReachability.swift in Sources */ = {isa = PBXBuildFile; fileRef = 2379B0A01ED1D63100925F9A /* SettableReachability.swift */; };
		2379B0A31ED20E6600925F9A /* SubredditsDataSource.swift in Sources */ = {isa = PBXBuildFile; fileRef = 2379B0A21ED20E6600925F9A /* SubredditsDataSource.swift */; };
		2379B0A51ED20EB600925F9A /* SubredditsProvider.swift in Sources */ = {isa = PBXBuildFile; fileRef = 2379B0A41ED20EB600925F9A /* SubredditsProvider.swift */; };
		2379B0A81ED22EE700925F9A /* Dwifft.framework in Frameworks */ = {isa = PBXBuildFile; fileRef = 2379B0A71ED22EE700925F9A /* Dwifft.framework */; };
		2379B0AB1ED5671600925F9A /* CommentSorting.swift in Sources */ = {isa = PBXBuildFile; fileRef = 2379B0AA1ED5671500925F9A /* CommentSorting.swift */; };
		2379B0AD1ED5CFA100925F9A /* Sorts.swift in Sources */ = {isa = PBXBuildFile; fileRef = 2379B0AC1ED5CFA100925F9A /* Sorts.swift */; };
		2379B0AF1ED6D03800925F9A /* PostSorting.swift in Sources */ = {isa = PBXBuildFile; fileRef = 2379B0AE1ED6D03800925F9A /* PostSorting.swift */; };
		2379B0D71ED884C300925F9A /* InfoToolbar.swift in Sources */ = {isa = PBXBuildFile; fileRef = 2379B0D61ED884C300925F9A /* InfoToolbar.swift */; };
		2379B0DC1ED8CB0100925F9A /* FilterPostsViewController.swift in Sources */ = {isa = PBXBuildFile; fileRef = 2379B0DB1ED8CB0100925F9A /* FilterPostsViewController.swift */; };
		2379B0E21ED9D49700925F9A /* FilterPostsDataSource.swift in Sources */ = {isa = PBXBuildFile; fileRef = 2379B0E11ED9D49700925F9A /* FilterPostsDataSource.swift */; };
		2379B0E81ED9D64B00925F9A /* FilterPostsSegmentedControlCell.swift in Sources */ = {isa = PBXBuildFile; fileRef = 2379B0E71ED9D64B00925F9A /* FilterPostsSegmentedControlCell.swift */; };
		2379B0EA1ED9D8C900925F9A /* FilterPostsSortCell.swift in Sources */ = {isa = PBXBuildFile; fileRef = 2379B0E91ED9D8C900925F9A /* FilterPostsSortCell.swift */; };
		2379B0EC1ED9E0C000925F9A /* UISegmentedControl+Items.swift in Sources */ = {isa = PBXBuildFile; fileRef = 2379B0EB1ED9E0C000925F9A /* UISegmentedControl+Items.swift */; };
		2379B0EE1ED9EED400925F9A /* FilterPostsViewController.xib in Resources */ = {isa = PBXBuildFile; fileRef = 2379B0ED1ED9EED400925F9A /* FilterPostsViewController.xib */; };
		2383200B1EDB66DE009B8C24 /* LabelSliderControl.swift in Sources */ = {isa = PBXBuildFile; fileRef = 2383200A1EDB66DE009B8C24 /* LabelSliderControl.swift */; };
		23A395C91E7DDE8600030DEF /* AppDelegate.swift in Sources */ = {isa = PBXBuildFile; fileRef = 23A395C81E7DDE8600030DEF /* AppDelegate.swift */; };
		23A395F01E7DDF9800030DEF /* OfflineReddit.xcdatamodeld in Sources */ = {isa = PBXBuildFile; fileRef = 23A395DE1E7DDF9800030DEF /* OfflineReddit.xcdatamodeld */; };
		23A395F11E7DDF9800030DEF /* APIClient+Endpoints.swift in Sources */ = {isa = PBXBuildFile; fileRef = 23A395E21E7DDF9800030DEF /* APIClient+Endpoints.swift */; };
		23A395F21E7DDF9800030DEF /* APIClient+Logging.swift in Sources */ = {isa = PBXBuildFile; fileRef = 23A395E31E7DDF9800030DEF /* APIClient+Logging.swift */; };
		23A395F31E7DDF9800030DEF /* APIClient+Response.swift in Sources */ = {isa = PBXBuildFile; fileRef = 23A395E41E7DDF9800030DEF /* APIClient+Response.swift */; };
		23A395F41E7DDF9800030DEF /* APIClient+URLSessionDelegate.swift in Sources */ = {isa = PBXBuildFile; fileRef = 23A395E51E7DDF9800030DEF /* APIClient+URLSessionDelegate.swift */; };
		23A395F51E7DDF9800030DEF /* APIClient.swift in Sources */ = {isa = PBXBuildFile; fileRef = 23A395E61E7DDF9800030DEF /* APIClient.swift */; };
		23A395F61E7DDF9800030DEF /* CoreDataController.swift in Sources */ = {isa = PBXBuildFile; fileRef = 23A395E71E7DDF9800030DEF /* CoreDataController.swift */; };
		23A395F71E7DDF9800030DEF /* Mapper.swift in Sources */ = {isa = PBXBuildFile; fileRef = 23A395E81E7DDF9800030DEF /* Mapper.swift */; };
		23A395F81E7DDF9800030DEF /* Assets.xcassets in Resources */ = {isa = PBXBuildFile; fileRef = 23A395EA1E7DDF9800030DEF /* Assets.xcassets */; };
		23A395FA1E7DDF9800030DEF /* LaunchScreen.storyboard in Resources */ = {isa = PBXBuildFile; fileRef = 23A395EC1E7DDF9800030DEF /* LaunchScreen.storyboard */; };
		23A395FE1E7DE0A000030DEF /* BoltsSwift.framework in Frameworks */ = {isa = PBXBuildFile; fileRef = 23A395FD1E7DE0A000030DEF /* BoltsSwift.framework */; };
		23A396011E7E00F400030DEF /* Subreddit.swift in Sources */ = {isa = PBXBuildFile; fileRef = 23A396001E7E00F400030DEF /* Subreddit.swift */; };
		23A396031E7E011D00030DEF /* Post.swift in Sources */ = {isa = PBXBuildFile; fileRef = 23A396021E7E011D00030DEF /* Post.swift */; };
		23A396051E7E021500030DEF /* Identifiable.swift in Sources */ = {isa = PBXBuildFile; fileRef = 23A396041E7E021500030DEF /* Identifiable.swift */; };
		23A396091E7E19DC00030DEF /* AsyncOperation.swift in Sources */ = {isa = PBXBuildFile; fileRef = 23A396081E7E19DC00030DEF /* AsyncOperation.swift */; };
		23A3960B1E7E22C300030DEF /* Comment.swift in Sources */ = {isa = PBXBuildFile; fileRef = 23A3960A1E7E22C300030DEF /* Comment.swift */; };
		23B332301ECF464100480122 /* TestableCoreDataController.swift in Sources */ = {isa = PBXBuildFile; fileRef = 23B3322B1ECF464100480122 /* TestableCoreDataController.swift */; };
		23B332311ECF464100480122 /* BaseTestCase.swift in Sources */ = {isa = PBXBuildFile; fileRef = 23B3322D1ECF464100480122 /* BaseTestCase.swift */; };
		23B332321ECF464100480122 /* PostsViewControllerTests.swift in Sources */ = {isa = PBXBuildFile; fileRef = 23B3322E1ECF464100480122 /* PostsViewControllerTests.swift */; };
		23B332341ECF465300480122 /* TestableCoreDataControllerTests.swift in Sources */ = {isa = PBXBuildFile; fileRef = 23B332331ECF465300480122 /* TestableCoreDataControllerTests.swift */; };
		23BED7211EBE24510072C2CE /* UIActivityIndicatorViewAnimating.swift in Sources */ = {isa = PBXBuildFile; fileRef = 23BED7201EBE24510072C2CE /* UIActivityIndicatorViewAnimating.swift */; };
		23F9F3451EC0592A005A0606 /* DataProvider.swift in Sources */ = {isa = PBXBuildFile; fileRef = 23F9F3441EC0592A005A0606 /* DataProvider.swift */; };
		23F9F3471EC0A8E2005A0606 /* OfflineRemoteProvider.swift in Sources */ = {isa = PBXBuildFile; fileRef = 23F9F3461EC0A8E2005A0606 /* OfflineRemoteProvider.swift */; };
/* End PBXBuildFile section */

/* Begin PBXContainerItemProxy section */
		2337563D1EC6794F0051ED2C /* PBXContainerItemProxy */ = {
			isa = PBXContainerItemProxy;
			containerPortal = 23A395BD1E7DDE8600030DEF /* Project object */;
			proxyType = 1;
			remoteGlobalIDString = 23A395C41E7DDE8600030DEF;
			remoteInfo = OfflineReddit;
		};
/* End PBXContainerItemProxy section */

/* Begin PBXFileReference section */
		233756281EC0DDD10051ED2C /* Offline Development */ = {isa = PBXFileReference; lastKnownFileType = folder; path = "Offline Development"; sourceTree = "<group>"; };
		233756381EC6794F0051ED2C /* RedditOfflineTests.xctest */ = {isa = PBXFileReference; explicitFileType = wrapper.cfbundle; includeInIndex = 0; path = RedditOfflineTests.xctest; sourceTree = BUILT_PRODUCTS_DIR; };
		2337563C1EC6794F0051ED2C /* Info.plist */ = {isa = PBXFileReference; lastKnownFileType = text.plist.xml; path = Info.plist; sourceTree = "<group>"; };
		234094CD1EDEA3B700359C84 /* TableViewDiffing.swift */ = {isa = PBXFileReference; fileEncoding = 4; lastKnownFileType = sourcecode.swift; path = TableViewDiffing.swift; sourceTree = "<group>"; };
		234094CF1EE012F000359C84 /* WebsiteCaching.swift */ = {isa = PBXFileReference; fileEncoding = 4; lastKnownFileType = sourcecode.swift; path = WebsiteCaching.swift; sourceTree = "<group>"; };
		234094D11EE2D07700359C84 /* Task+Void.swift */ = {isa = PBXFileReference; fileEncoding = 4; lastKnownFileType = sourcecode.swift; path = "Task+Void.swift"; sourceTree = "<group>"; };
		234094D31EE4273600359C84 /* TopToolbar.swift */ = {isa = PBXFileReference; fileEncoding = 4; lastKnownFileType = sourcecode.swift; path = TopToolbar.swift; sourceTree = "<group>"; };
		234094D51EE545D700359C84 /* MoreCommentsBatching.swift */ = {isa = PBXFileReference; fileEncoding = 4; lastKnownFileType = sourcecode.swift; path = MoreCommentsBatching.swift; sourceTree = "<group>"; };
		234DEB901EE63AF4001A79A1 /* CocoaMarkdown.framework */ = {isa = PBXFileReference; lastKnownFileType = wrapper.framework; name = CocoaMarkdown.framework; path = Carthage/Build/iOS/CocoaMarkdown.framework; sourceTree = "<group>"; };
		234DEB941EE6A4C9001A79A1 /* CommentCellModel.swift */ = {isa = PBXFileReference; fileEncoding = 4; lastKnownFileType = sourcecode.swift; path = CommentCellModel.swift; sourceTree = "<group>"; };
		234DEB961EE7008B001A79A1 /* UIView+Xib.swift */ = {isa = PBXFileReference; fileEncoding = 4; lastKnownFileType = sourcecode.swift; path = "UIView+Xib.swift"; sourceTree = "<group>"; };
		235E07C61E7E92E600D83D16 /* Constants.swift */ = {isa = PBXFileReference; fileEncoding = 4; lastKnownFileType = sourcecode.swift; path = Constants.swift; sourceTree = "<group>"; };
		235E07CA1E7EA0B900D83D16 /* UIViewController+Fetching.swift */ = {isa = PBXFileReference; fileEncoding = 4; lastKnownFileType = sourcecode.swift; path = "UIViewController+Fetching.swift"; sourceTree = "<group>"; };
		235E07D21E7F47CF00D83D16 /* example.json */ = {isa = PBXFileReference; fileEncoding = 4; lastKnownFileType = text.json; path = example.json; sourceTree = "<group>"; };
		235E07D41E7F492600D83D16 /* MoreComments.swift */ = {isa = PBXFileReference; fileEncoding = 4; lastKnownFileType = sourcecode.swift; path = MoreComments.swift; sourceTree = "<group>"; };
		235E07D61E7F525100D83D16 /* NSManagedObject+Create.swift */ = {isa = PBXFileReference; fileEncoding = 4; lastKnownFileType = sourcecode.swift; path = "NSManagedObject+Create.swift"; sourceTree = "<group>"; };
		235E07DC1E7F637000D83D16 /* Either.swift */ = {isa = PBXFileReference; fileEncoding = 4; lastKnownFileType = sourcecode.swift; path = Either.swift; sourceTree = "<group>"; };
		235E07DE1E7F863600D83D16 /* morecomments.json */ = {isa = PBXFileReference; fileEncoding = 4; lastKnownFileType = text.json; path = morecomments.json; sourceTree = "<group>"; };
		235E07EA1E7FA20F00D83D16 /* en */ = {isa = PBXFileReference; lastKnownFileType = text.plist.strings; name = en; path = en.lproj/Localizable.strings; sourceTree = "<group>"; };
		235E07EC1E7FA20F00D83D16 /* en */ = {isa = PBXFileReference; lastKnownFileType = text.plist.stringsdict; name = en; path = en.lproj/Localizable.stringsdict; sourceTree = "<group>"; };
		235E07F51E80143A00D83D16 /* OfflineReddit-Bridging-Header.h */ = {isa = PBXFileReference; fileEncoding = 4; lastKnownFileType = sourcecode.c.h; path = "OfflineReddit-Bridging-Header.h"; sourceTree = "<group>"; };
		235E07FC1E80943D00D83D16 /* MarginTextField.swift */ = {isa = PBXFileReference; fileEncoding = 4; lastKnownFileType = sourcecode.swift; path = MarginTextField.swift; sourceTree = "<group>"; };
		235E08001E80D25100D83D16 /* SeparatorView.swift */ = {isa = PBXFileReference; fileEncoding = 4; lastKnownFileType = sourcecode.swift; path = SeparatorView.swift; sourceTree = "<group>"; };
		235E08021E80E4BF00D83D16 /* NavigationController.swift */ = {isa = PBXFileReference; fileEncoding = 4; lastKnownFileType = sourcecode.swift; path = NavigationController.swift; sourceTree = "<group>"; };
		235E08041E81430C00D83D16 /* NetworkReachability.h */ = {isa = PBXFileReference; fileEncoding = 4; lastKnownFileType = sourcecode.c.h; path = NetworkReachability.h; sourceTree = "<group>"; };
		235E08051E81430C00D83D16 /* NetworkReachability.m */ = {isa = PBXFileReference; fileEncoding = 4; lastKnownFileType = sourcecode.c.objc; path = NetworkReachability.m; sourceTree = "<group>"; };
		235E08071E81431D00D83D16 /* SystemConfiguration.framework */ = {isa = PBXFileReference; lastKnownFileType = wrapper.framework; name = SystemConfiguration.framework; path = System/Library/Frameworks/SystemConfiguration.framework; sourceTree = SDKROOT; };
		2379B0681ECF787900925F9A /* CommentsCell.swift */ = {isa = PBXFileReference; fileEncoding = 4; lastKnownFileType = sourcecode.swift; path = CommentsCell.swift; sourceTree = "<group>"; };
		2379B0691ECF787900925F9A /* CommentsDataSource.swift */ = {isa = PBXFileReference; fileEncoding = 4; lastKnownFileType = sourcecode.swift; path = CommentsDataSource.swift; sourceTree = "<group>"; };
		2379B06A1ECF787900925F9A /* CommentsDownloader.swift */ = {isa = PBXFileReference; fileEncoding = 4; lastKnownFileType = sourcecode.swift; path = CommentsDownloader.swift; sourceTree = "<group>"; };
		2379B06B1ECF787900925F9A /* CommentsViewController.swift */ = {isa = PBXFileReference; fileEncoding = 4; lastKnownFileType = sourcecode.swift; path = CommentsViewController.swift; sourceTree = "<group>"; };
		2379B06C1ECF787900925F9A /* EitherMoreComments.swift */ = {isa = PBXFileReference; fileEncoding = 4; lastKnownFileType = sourcecode.swift; path = EitherMoreComments.swift; sourceTree = "<group>"; };
		2379B06E1ECF787900925F9A /* PostCell.swift */ = {isa = PBXFileReference; fileEncoding = 4; lastKnownFileType = sourcecode.swift; path = PostCell.swift; sourceTree = "<group>"; };
		2379B06F1ECF787900925F9A /* PostCellModel.swift */ = {isa = PBXFileReference; fileEncoding = 4; lastKnownFileType = sourcecode.swift; path = PostCellModel.swift; sourceTree = "<group>"; };
		2379B0701ECF787900925F9A /* PostsDataSource.swift */ = {isa = PBXFileReference; fileEncoding = 4; lastKnownFileType = sourcecode.swift; path = PostsDataSource.swift; sourceTree = "<group>"; };
		2379B0711ECF787900925F9A /* PostsDownloader.swift */ = {isa = PBXFileReference; fileEncoding = 4; lastKnownFileType = sourcecode.swift; path = PostsDownloader.swift; sourceTree = "<group>"; };
		2379B0721ECF787900925F9A /* PostsViewController.swift */ = {isa = PBXFileReference; fileEncoding = 4; lastKnownFileType = sourcecode.swift; path = PostsViewController.swift; sourceTree = "<group>"; };
		2379B0741ECF787900925F9A /* SubredditCell.swift */ = {isa = PBXFileReference; fileEncoding = 4; lastKnownFileType = sourcecode.swift; path = SubredditCell.swift; sourceTree = "<group>"; };
		2379B0751ECF787900925F9A /* SubredditsViewController.swift */ = {isa = PBXFileReference; fileEncoding = 4; lastKnownFileType = sourcecode.swift; path = SubredditsViewController.swift; sourceTree = "<group>"; };
		2379B0821ECF78B900925F9A /* PostsViewController.xib */ = {isa = PBXFileReference; fileEncoding = 4; lastKnownFileType = file.xib; path = PostsViewController.xib; sourceTree = "<group>"; };
		2379B0841ECF794900925F9A /* PostCell.xib */ = {isa = PBXFileReference; fileEncoding = 4; lastKnownFileType = file.xib; path = PostCell.xib; sourceTree = "<group>"; };
		2379B0861ECF7CFA00925F9A /* CommentsViewController.xib */ = {isa = PBXFileReference; fileEncoding = 4; lastKnownFileType = file.xib; path = CommentsViewController.xib; sourceTree = "<group>"; };
		2379B0881ECF7DE600925F9A /* CommentsCell.xib */ = {isa = PBXFileReference; fileEncoding = 4; lastKnownFileType = file.xib; path = CommentsCell.xib; sourceTree = "<group>"; };
		2379B08A1ECF7DFB00925F9A /* MoreCommentsCell.xib */ = {isa = PBXFileReference; fileEncoding = 4; lastKnownFileType = file.xib; path = MoreCommentsCell.xib; sourceTree = "<group>"; };
		2379B08C1ECF7E0A00925F9A /* MoreCommentsCell.swift */ = {isa = PBXFileReference; fileEncoding = 4; lastKnownFileType = sourcecode.swift; path = MoreCommentsCell.swift; sourceTree = "<group>"; };
		2379B08E1ECF81D400925F9A /* SubredditsViewController.xib */ = {isa = PBXFileReference; fileEncoding = 4; lastKnownFileType = file.xib; path = SubredditsViewController.xib; sourceTree = "<group>"; };
		2379B0901ECF821200925F9A /* SubredditCell.xib */ = {isa = PBXFileReference; fileEncoding = 4; lastKnownFileType = file.xib; path = SubredditCell.xib; sourceTree = "<group>"; };
		2379B0921ECF984000925F9A /* CommentsViewControllerTests.swift */ = {isa = PBXFileReference; fileEncoding = 4; lastKnownFileType = sourcecode.swift; path = CommentsViewControllerTests.swift; sourceTree = "<group>"; };
		2379B0941ED1B3E700925F9A /* ReusableCell.swift */ = {isa = PBXFileReference; fileEncoding = 4; lastKnownFileType = sourcecode.swift; path = ReusableCell.swift; sourceTree = "<group>"; };
		2379B09C1ED1BE2E00925F9A /* PostsProvider.swift */ = {isa = PBXFileReference; fileEncoding = 4; lastKnownFileType = sourcecode.swift; path = PostsProvider.swift; sourceTree = "<group>"; };
		2379B09E1ED1CDFB00925F9A /* CommentsProvider.swift */ = {isa = PBXFileReference; fileEncoding = 4; lastKnownFileType = sourcecode.swift; path = CommentsProvider.swift; sourceTree = "<group>"; };
		2379B0A01ED1D63100925F9A /* SettableReachability.swift */ = {isa = PBXFileReference; fileEncoding = 4; lastKnownFileType = sourcecode.swift; path = SettableReachability.swift; sourceTree = "<group>"; };
		2379B0A21ED20E6600925F9A /* SubredditsDataSource.swift */ = {isa = PBXFileReference; fileEncoding = 4; lastKnownFileType = sourcecode.swift; path = SubredditsDataSource.swift; sourceTree = "<group>"; };
		2379B0A41ED20EB600925F9A /* SubredditsProvider.swift */ = {isa = PBXFileReference; fileEncoding = 4; lastKnownFileType = sourcecode.swift; path = SubredditsProvider.swift; sourceTree = "<group>"; };
		2379B0A71ED22EE700925F9A /* Dwifft.framework */ = {isa = PBXFileReference; lastKnownFileType = wrapper.framework; name = Dwifft.framework; path = Carthage/Build/iOS/Dwifft.framework; sourceTree = "<group>"; };
		2379B0AA1ED5671500925F9A /* CommentSorting.swift */ = {isa = PBXFileReference; fileEncoding = 4; lastKnownFileType = sourcecode.swift; path = CommentSorting.swift; sourceTree = "<group>"; };
		2379B0AC1ED5CFA100925F9A /* Sorts.swift */ = {isa = PBXFileReference; fileEncoding = 4; lastKnownFileType = sourcecode.swift; path = Sorts.swift; sourceTree = "<group>"; };
		2379B0AE1ED6D03800925F9A /* PostSorting.swift */ = {isa = PBXFileReference; fileEncoding = 4; lastKnownFileType = sourcecode.swift; path = PostSorting.swift; sourceTree = "<group>"; };
		2379B0D61ED884C300925F9A /* InfoToolbar.swift */ = {isa = PBXFileReference; fileEncoding = 4; lastKnownFileType = sourcecode.swift; path = InfoToolbar.swift; sourceTree = "<group>"; };
		2379B0DB1ED8CB0100925F9A /* FilterPostsViewController.swift */ = {isa = PBXFileReference; fileEncoding = 4; lastKnownFileType = sourcecode.swift; path = FilterPostsViewController.swift; sourceTree = "<group>"; };
		2379B0E11ED9D49700925F9A /* FilterPostsDataSource.swift */ = {isa = PBXFileReference; fileEncoding = 4; lastKnownFileType = sourcecode.swift; path = FilterPostsDataSource.swift; sourceTree = "<group>"; };
		2379B0E71ED9D64B00925F9A /* FilterPostsSegmentedControlCell.swift */ = {isa = PBXFileReference; fileEncoding = 4; lastKnownFileType = sourcecode.swift; path = FilterPostsSegmentedControlCell.swift; sourceTree = "<group>"; };
		2379B0E91ED9D8C900925F9A /* FilterPostsSortCell.swift */ = {isa = PBXFileReference; fileEncoding = 4; lastKnownFileType = sourcecode.swift; path = FilterPostsSortCell.swift; sourceTree = "<group>"; };
		2379B0EB1ED9E0C000925F9A /* UISegmentedControl+Items.swift */ = {isa = PBXFileReference; fileEncoding = 4; lastKnownFileType = sourcecode.swift; path = "UISegmentedControl+Items.swift"; sourceTree = "<group>"; };
		2379B0ED1ED9EED400925F9A /* FilterPostsViewController.xib */ = {isa = PBXFileReference; fileEncoding = 4; lastKnownFileType = file.xib; path = FilterPostsViewController.xib; sourceTree = "<group>"; };
		2383200A1EDB66DE009B8C24 /* LabelSliderControl.swift */ = {isa = PBXFileReference; fileEncoding = 4; lastKnownFileType = sourcecode.swift; path = LabelSliderControl.swift; sourceTree = "<group>"; };
		23A395C51E7DDE8600030DEF /* OfflineReddit.app */ = {isa = PBXFileReference; explicitFileType = wrapper.application; includeInIndex = 0; path = OfflineReddit.app; sourceTree = BUILT_PRODUCTS_DIR; };
		23A395C81E7DDE8600030DEF /* AppDelegate.swift */ = {isa = PBXFileReference; lastKnownFileType = sourcecode.swift; path = AppDelegate.swift; sourceTree = "<group>"; };
		23A395DF1E7DDF9800030DEF /* OfflineReddit.xcdatamodel */ = {isa = PBXFileReference; lastKnownFileType = wrapper.xcdatamodel; path = OfflineReddit.xcdatamodel; sourceTree = "<group>"; };
		23A395E21E7DDF9800030DEF /* APIClient+Endpoints.swift */ = {isa = PBXFileReference; fileEncoding = 4; lastKnownFileType = sourcecode.swift; path = "APIClient+Endpoints.swift"; sourceTree = "<group>"; };
		23A395E31E7DDF9800030DEF /* APIClient+Logging.swift */ = {isa = PBXFileReference; fileEncoding = 4; lastKnownFileType = sourcecode.swift; path = "APIClient+Logging.swift"; sourceTree = "<group>"; };
		23A395E41E7DDF9800030DEF /* APIClient+Response.swift */ = {isa = PBXFileReference; fileEncoding = 4; lastKnownFileType = sourcecode.swift; path = "APIClient+Response.swift"; sourceTree = "<group>"; };
		23A395E51E7DDF9800030DEF /* APIClient+URLSessionDelegate.swift */ = {isa = PBXFileReference; fileEncoding = 4; lastKnownFileType = sourcecode.swift; path = "APIClient+URLSessionDelegate.swift"; sourceTree = "<group>"; };
		23A395E61E7DDF9800030DEF /* APIClient.swift */ = {isa = PBXFileReference; fileEncoding = 4; lastKnownFileType = sourcecode.swift; path = APIClient.swift; sourceTree = "<group>"; };
		23A395E71E7DDF9800030DEF /* CoreDataController.swift */ = {isa = PBXFileReference; fileEncoding = 4; lastKnownFileType = sourcecode.swift; path = CoreDataController.swift; sourceTree = "<group>"; };
		23A395E81E7DDF9800030DEF /* Mapper.swift */ = {isa = PBXFileReference; fileEncoding = 4; lastKnownFileType = sourcecode.swift; path = Mapper.swift; sourceTree = "<group>"; };
		23A395EA1E7DDF9800030DEF /* Assets.xcassets */ = {isa = PBXFileReference; lastKnownFileType = folder.assetcatalog; path = Assets.xcassets; sourceTree = "<group>"; };
		23A395EB1E7DDF9800030DEF /* Info.plist */ = {isa = PBXFileReference; fileEncoding = 4; lastKnownFileType = text.plist.xml; path = Info.plist; sourceTree = "<group>"; };
		23A395EC1E7DDF9800030DEF /* LaunchScreen.storyboard */ = {isa = PBXFileReference; fileEncoding = 4; lastKnownFileType = file.storyboard; path = LaunchScreen.storyboard; sourceTree = "<group>"; };
		23A395FD1E7DE0A000030DEF /* BoltsSwift.framework */ = {isa = PBXFileReference; lastKnownFileType = wrapper.framework; name = BoltsSwift.framework; path = Carthage/Build/iOS/BoltsSwift.framework; sourceTree = "<group>"; };
		23A396001E7E00F400030DEF /* Subreddit.swift */ = {isa = PBXFileReference; fileEncoding = 4; lastKnownFileType = sourcecode.swift; path = Subreddit.swift; sourceTree = "<group>"; };
		23A396021E7E011D00030DEF /* Post.swift */ = {isa = PBXFileReference; fileEncoding = 4; lastKnownFileType = sourcecode.swift; path = Post.swift; sourceTree = "<group>"; };
		23A396041E7E021500030DEF /* Identifiable.swift */ = {isa = PBXFileReference; fileEncoding = 4; lastKnownFileType = sourcecode.swift; path = Identifiable.swift; sourceTree = "<group>"; };
		23A396081E7E19DC00030DEF /* AsyncOperation.swift */ = {isa = PBXFileReference; fileEncoding = 4; lastKnownFileType = sourcecode.swift; path = AsyncOperation.swift; sourceTree = "<group>"; };
		23A3960A1E7E22C300030DEF /* Comment.swift */ = {isa = PBXFileReference; fileEncoding = 4; lastKnownFileType = sourcecode.swift; path = Comment.swift; sourceTree = "<group>"; };
		23B3322B1ECF464100480122 /* TestableCoreDataController.swift */ = {isa = PBXFileReference; fileEncoding = 4; lastKnownFileType = sourcecode.swift; path = TestableCoreDataController.swift; sourceTree = "<group>"; };
		23B3322D1ECF464100480122 /* BaseTestCase.swift */ = {isa = PBXFileReference; fileEncoding = 4; lastKnownFileType = sourcecode.swift; path = BaseTestCase.swift; sourceTree = "<group>"; };
		23B3322E1ECF464100480122 /* PostsViewControllerTests.swift */ = {isa = PBXFileReference; fileEncoding = 4; lastKnownFileType = sourcecode.swift; path = PostsViewControllerTests.swift; sourceTree = "<group>"; };
		23B332331ECF465300480122 /* TestableCoreDataControllerTests.swift */ = {isa = PBXFileReference; fileEncoding = 4; lastKnownFileType = sourcecode.swift; path = TestableCoreDataControllerTests.swift; sourceTree = "<group>"; };
		23BED7201EBE24510072C2CE /* UIActivityIndicatorViewAnimating.swift */ = {isa = PBXFileReference; fileEncoding = 4; lastKnownFileType = sourcecode.swift; path = UIActivityIndicatorViewAnimating.swift; sourceTree = "<group>"; };
		23F9F3441EC0592A005A0606 /* DataProvider.swift */ = {isa = PBXFileReference; fileEncoding = 4; lastKnownFileType = sourcecode.swift; path = DataProvider.swift; sourceTree = "<group>"; };
		23F9F3461EC0A8E2005A0606 /* OfflineRemoteProvider.swift */ = {isa = PBXFileReference; fileEncoding = 4; lastKnownFileType = sourcecode.swift; path = OfflineRemoteProvider.swift; sourceTree = "<group>"; };
/* End PBXFileReference section */

/* Begin PBXFrameworksBuildPhase section */
		233756351EC6794F0051ED2C /* Frameworks */ = {
			isa = PBXFrameworksBuildPhase;
			buildActionMask = 2147483647;
			files = (
				2358C7A71EC7967E007F7B82 /* BoltsSwift.framework in Frameworks */,
			);
			runOnlyForDeploymentPostprocessing = 0;
		};
		23A395C21E7DDE8600030DEF /* Frameworks */ = {
			isa = PBXFrameworksBuildPhase;
			buildActionMask = 2147483647;
			files = (
				235E08081E81431D00D83D16 /* SystemConfiguration.framework in Frameworks */,
				2379B0A81ED22EE700925F9A /* Dwifft.framework in Frameworks */,
				23A395FE1E7DE0A000030DEF /* BoltsSwift.framework in Frameworks */,
				234DEB911EE63AF4001A79A1 /* CocoaMarkdown.framework in Frameworks */,
			);
			runOnlyForDeploymentPostprocessing = 0;
		};
/* End PBXFrameworksBuildPhase section */

/* Begin PBXGroup section */
		233756391EC6794F0051ED2C /* RedditOfflineTests */ = {
			isa = PBXGroup;
			children = (
				23B3322C1ECF464100480122 /* Test Cases */,
				23B332291ECF464100480122 /* Services */,
				2337563C1EC6794F0051ED2C /* Info.plist */,
			);
			path = RedditOfflineTests;
			sourceTree = "<group>";
		};
		2379B0671ECF787900925F9A /* Comments */ = {
			isa = PBXGroup;
			children = (
				2379B06B1ECF787900925F9A /* CommentsViewController.swift */,
				2379B0861ECF7CFA00925F9A /* CommentsViewController.xib */,
				2379B0691ECF787900925F9A /* CommentsDataSource.swift */,
				2379B09E1ED1CDFB00925F9A /* CommentsProvider.swift */,
				2379B06A1ECF787900925F9A /* CommentsDownloader.swift */,
				2379B0681ECF787900925F9A /* CommentsCell.swift */,
				2379B0881ECF7DE600925F9A /* CommentsCell.xib */,
				234DEB941EE6A4C9001A79A1 /* CommentCellModel.swift */,
				2379B08C1ECF7E0A00925F9A /* MoreCommentsCell.swift */,
				2379B08A1ECF7DFB00925F9A /* MoreCommentsCell.xib */,
				2379B06C1ECF787900925F9A /* EitherMoreComments.swift */,
			);
			path = Comments;
			sourceTree = "<group>";
		};
		2379B06D1ECF787900925F9A /* Posts */ = {
			isa = PBXGroup;
			children = (
				2379B0721ECF787900925F9A /* PostsViewController.swift */,
				2379B0821ECF78B900925F9A /* PostsViewController.xib */,
				2379B0701ECF787900925F9A /* PostsDataSource.swift */,
				2379B09C1ED1BE2E00925F9A /* PostsProvider.swift */,
				2379B0711ECF787900925F9A /* PostsDownloader.swift */,
				2379B06E1ECF787900925F9A /* PostCell.swift */,
				2379B0841ECF794900925F9A /* PostCell.xib */,
				2379B06F1ECF787900925F9A /* PostCellModel.swift */,
				2379B0DA1ED8CB0100925F9A /* Filter */,
			);
			path = Posts;
			sourceTree = "<group>";
		};
		2379B0731ECF787900925F9A /* Subreddits */ = {
			isa = PBXGroup;
			children = (
				2379B0751ECF787900925F9A /* SubredditsViewController.swift */,
				2379B08E1ECF81D400925F9A /* SubredditsViewController.xib */,
				2379B0A21ED20E6600925F9A /* SubredditsDataSource.swift */,
				2379B0A41ED20EB600925F9A /* SubredditsProvider.swift */,
				2379B0741ECF787900925F9A /* SubredditCell.swift */,
				2379B0901ECF821200925F9A /* SubredditCell.xib */,
			);
			path = Subreddits;
			sourceTree = "<group>";
		};
		2379B0DA1ED8CB0100925F9A /* Filter */ = {
			isa = PBXGroup;
			children = (
				2379B0DB1ED8CB0100925F9A /* FilterPostsViewController.swift */,
				2379B0ED1ED9EED400925F9A /* FilterPostsViewController.xib */,
				2379B0E11ED9D49700925F9A /* FilterPostsDataSource.swift */,
				2379B0E71ED9D64B00925F9A /* FilterPostsSegmentedControlCell.swift */,
				2379B0E91ED9D8C900925F9A /* FilterPostsSortCell.swift */,
			);
			path = Filter;
			sourceTree = "<group>";
		};
		23A395BC1E7DDE8600030DEF = {
			isa = PBXGroup;
			children = (
				23A395C71E7DDE8600030DEF /* OfflineReddit */,
				233756391EC6794F0051ED2C /* RedditOfflineTests */,
				23A395C61E7DDE8600030DEF /* Products */,
				23A395FC1E7DE08A00030DEF /* Frameworks */,
			);
			sourceTree = "<group>";
		};
		23A395C61E7DDE8600030DEF /* Products */ = {
			isa = PBXGroup;
			children = (
				23A395C51E7DDE8600030DEF /* OfflineReddit.app */,
				233756381EC6794F0051ED2C /* RedditOfflineTests.xctest */,
			);
			name = Products;
			sourceTree = "<group>";
		};
		23A395C71E7DDE8600030DEF /* OfflineReddit */ = {
			isa = PBXGroup;
			children = (
				23A395C81E7DDE8600030DEF /* AppDelegate.swift */,
				235E07C61E7E92E600D83D16 /* Constants.swift */,
				23A395ED1E7DDF9800030DEF /* View Controllers */,
				23A395EF1E7DDF9800030DEF /* Views */,
				23A395DD1E7DDF9800030DEF /* Models */,
				23A395E01E7DDF9800030DEF /* Services */,
				23A395E91E7DDF9800030DEF /* Supporting Files */,
			);
			path = OfflineReddit;
			sourceTree = "<group>";
		};
		23A395DD1E7DDF9800030DEF /* Models */ = {
			isa = PBXGroup;
			children = (
				23A395DE1E7DDF9800030DEF /* OfflineReddit.xcdatamodeld */,
				23A396001E7E00F400030DEF /* Subreddit.swift */,
				23A396021E7E011D00030DEF /* Post.swift */,
				2379B0AE1ED6D03800925F9A /* PostSorting.swift */,
				23A3960A1E7E22C300030DEF /* Comment.swift */,
				2379B0AA1ED5671500925F9A /* CommentSorting.swift */,
				2379B0AC1ED5CFA100925F9A /* Sorts.swift */,
				235E07D41E7F492600D83D16 /* MoreComments.swift */,
				234094D51EE545D700359C84 /* MoreCommentsBatching.swift */,
				23A396041E7E021500030DEF /* Identifiable.swift */,
				235E07D61E7F525100D83D16 /* NSManagedObject+Create.swift */,
				235E07DC1E7F637000D83D16 /* Either.swift */,
			);
			path = Models;
			sourceTree = "<group>";
		};
		23A395E01E7DDF9800030DEF /* Services */ = {
			isa = PBXGroup;
			children = (
				23A395E11E7DDF9800030DEF /* APIClient */,
				23A395E71E7DDF9800030DEF /* CoreDataController.swift */,
				23A396081E7E19DC00030DEF /* AsyncOperation.swift */,
				23A395E81E7DDF9800030DEF /* Mapper.swift */,
				235E08041E81430C00D83D16 /* NetworkReachability.h */,
				235E08051E81430C00D83D16 /* NetworkReachability.m */,
				23F9F3441EC0592A005A0606 /* DataProvider.swift */,
				2379B0A01ED1D63100925F9A /* SettableReachability.swift */,
				23F9F3461EC0A8E2005A0606 /* OfflineRemoteProvider.swift */,
				234094CF1EE012F000359C84 /* WebsiteCaching.swift */,
				234094D11EE2D07700359C84 /* Task+Void.swift */,
			);
			path = Services;
			sourceTree = "<group>";
		};
		23A395E11E7DDF9800030DEF /* APIClient */ = {
			isa = PBXGroup;
			children = (
				23A395E21E7DDF9800030DEF /* APIClient+Endpoints.swift */,
				23A395E31E7DDF9800030DEF /* APIClient+Logging.swift */,
				23A395E41E7DDF9800030DEF /* APIClient+Response.swift */,
				23A395E51E7DDF9800030DEF /* APIClient+URLSessionDelegate.swift */,
				23A395E61E7DDF9800030DEF /* APIClient.swift */,
			);
			path = APIClient;
			sourceTree = "<group>";
		};
		23A395E91E7DDF9800030DEF /* Supporting Files */ = {
			isa = PBXGroup;
			children = (
				233756281EC0DDD10051ED2C /* Offline Development */,
				235E07F51E80143A00D83D16 /* OfflineReddit-Bridging-Header.h */,
				235E07E91E7FA20F00D83D16 /* Localizable.strings */,
				235E07EB1E7FA20F00D83D16 /* Localizable.stringsdict */,
				23A395EA1E7DDF9800030DEF /* Assets.xcassets */,
				23A395EB1E7DDF9800030DEF /* Info.plist */,
				23A395EC1E7DDF9800030DEF /* LaunchScreen.storyboard */,
				235E07D21E7F47CF00D83D16 /* example.json */,
				235E07DE1E7F863600D83D16 /* morecomments.json */,
			);
			path = "Supporting Files";
			sourceTree = "<group>";
		};
		23A395ED1E7DDF9800030DEF /* View Controllers */ = {
			isa = PBXGroup;
			children = (
				2379B06D1ECF787900925F9A /* Posts */,
				2379B0671ECF787900925F9A /* Comments */,
				2379B0731ECF787900925F9A /* Subreddits */,
				235E07CA1E7EA0B900D83D16 /* UIViewController+Fetching.swift */,
				235E08021E80E4BF00D83D16 /* NavigationController.swift */,
			);
			path = "View Controllers";
			sourceTree = "<group>";
		};
		23A395EF1E7DDF9800030DEF /* Views */ = {
			isa = PBXGroup;
			children = (
				2379B0941ED1B3E700925F9A /* ReusableCell.swift */,
				234094D31EE4273600359C84 /* TopToolbar.swift */,
				235E08001E80D25100D83D16 /* SeparatorView.swift */,
				235E07FC1E80943D00D83D16 /* MarginTextField.swift */,
				23BED7201EBE24510072C2CE /* UIActivityIndicatorViewAnimating.swift */,
				2379B0D61ED884C300925F9A /* InfoToolbar.swift */,
				2379B0EB1ED9E0C000925F9A /* UISegmentedControl+Items.swift */,
				2383200A1EDB66DE009B8C24 /* LabelSliderControl.swift */,
				234094CD1EDEA3B700359C84 /* TableViewDiffing.swift */,
				234DEB961EE7008B001A79A1 /* UIView+Xib.swift */,
			);
			path = Views;
			sourceTree = "<group>";
		};
		23A395FC1E7DE08A00030DEF /* Frameworks */ = {
			isa = PBXGroup;
			children = (
				234DEB901EE63AF4001A79A1 /* CocoaMarkdown.framework */,
				235E08071E81431D00D83D16 /* SystemConfiguration.framework */,
				2379B0A71ED22EE700925F9A /* Dwifft.framework */,
				23A395FD1E7DE0A000030DEF /* BoltsSwift.framework */,
			);
			name = Frameworks;
			sourceTree = "<group>";
		};
		23B332291ECF464100480122 /* Services */ = {
			isa = PBXGroup;
			children = (
				23B3322B1ECF464100480122 /* TestableCoreDataController.swift */,
			);
			path = Services;
			sourceTree = "<group>";
		};
		23B3322C1ECF464100480122 /* Test Cases */ = {
			isa = PBXGroup;
			children = (
				23B3322D1ECF464100480122 /* BaseTestCase.swift */,
				23B3322E1ECF464100480122 /* PostsViewControllerTests.swift */,
				2379B0921ECF984000925F9A /* CommentsViewControllerTests.swift */,
				23B332331ECF465300480122 /* TestableCoreDataControllerTests.swift */,
			);
			path = "Test Cases";
			sourceTree = "<group>";
		};
/* End PBXGroup section */

/* Begin PBXNativeTarget section */
		233756371EC6794F0051ED2C /* RedditOfflineTests */ = {
			isa = PBXNativeTarget;
			buildConfigurationList = 2337563F1EC6794F0051ED2C /* Build configuration list for PBXNativeTarget "RedditOfflineTests" */;
			buildPhases = (
				233756341EC6794F0051ED2C /* Sources */,
				233756351EC6794F0051ED2C /* Frameworks */,
				233756361EC6794F0051ED2C /* Resources */,
				2358C7A61EC79658007F7B82 /* Carthage Copy Frameworks */,
			);
			buildRules = (
			);
			dependencies = (
				2337563E1EC6794F0051ED2C /* PBXTargetDependency */,
			);
			name = RedditOfflineTests;
			productName = RedditOfflineTests;
			productReference = 233756381EC6794F0051ED2C /* RedditOfflineTests.xctest */;
			productType = "com.apple.product-type.bundle.unit-test";
		};
		23A395C41E7DDE8600030DEF /* OfflineReddit */ = {
			isa = PBXNativeTarget;
			buildConfigurationList = 23A395DA1E7DDE8600030DEF /* Build configuration list for PBXNativeTarget "OfflineReddit" */;
			buildPhases = (
				23A395C11E7DDE8600030DEF /* Sources */,
				23A395C21E7DDE8600030DEF /* Frameworks */,
				23A395C31E7DDE8600030DEF /* Resources */,
				23A395FF1E7DE0D300030DEF /* Carthage Copy Frameworks */,
			);
			buildRules = (
			);
			dependencies = (
			);
			name = OfflineReddit;
			productName = OfflineReddit;
			productReference = 23A395C51E7DDE8600030DEF /* OfflineReddit.app */;
			productType = "com.apple.product-type.application";
		};
/* End PBXNativeTarget section */

/* Begin PBXProject section */
		23A395BD1E7DDE8600030DEF /* Project object */ = {
			isa = PBXProject;
			attributes = {
				LastSwiftUpdateCheck = 0830;
				LastUpgradeCheck = 0830;
				ORGANIZATIONNAME = "Jake Bellamy";
				TargetAttributes = {
					233756371EC6794F0051ED2C = {
						CreatedOnToolsVersion = 8.3;
						DevelopmentTeam = CQSYPH2WC6;
						ProvisioningStyle = Automatic;
						TestTargetID = 23A395C41E7DDE8600030DEF;
					};
					23A395C41E7DDE8600030DEF = {
						CreatedOnToolsVersion = 8.3;
						DevelopmentTeam = BDH6VR2X2P;
						LastSwiftMigration = 0830;
						ProvisioningStyle = Manual;
					};
				};
			};
			buildConfigurationList = 23A395C01E7DDE8600030DEF /* Build configuration list for PBXProject "OfflineReddit" */;
			compatibilityVersion = "Xcode 3.2";
			developmentRegion = English;
			hasScannedForEncodings = 0;
			knownRegions = (
				en,
				Base,
			);
			mainGroup = 23A395BC1E7DDE8600030DEF;
			productRefGroup = 23A395C61E7DDE8600030DEF /* Products */;
			projectDirPath = "";
			projectRoot = "";
			targets = (
				23A395C41E7DDE8600030DEF /* OfflineReddit */,
				233756371EC6794F0051ED2C /* RedditOfflineTests */,
			);
		};
/* End PBXProject section */

/* Begin PBXResourcesBuildPhase section */
		233756361EC6794F0051ED2C /* Resources */ = {
			isa = PBXResourcesBuildPhase;
			buildActionMask = 2147483647;
			files = (
			);
			runOnlyForDeploymentPostprocessing = 0;
		};
		23A395C31E7DDE8600030DEF /* Resources */ = {
			isa = PBXResourcesBuildPhase;
			buildActionMask = 2147483647;
			files = (
				235E07DF1E7F863600D83D16 /* morecomments.json in Resources */,
				2379B08F1ECF81D400925F9A /* SubredditsViewController.xib in Resources */,
				233756291EC0DDD10051ED2C /* Offline Development in Resources */,
				2379B0871ECF7CFA00925F9A /* CommentsViewController.xib in Resources */,
				2379B0891ECF7DE600925F9A /* CommentsCell.xib in Resources */,
				23A395FA1E7DDF9800030DEF /* LaunchScreen.storyboard in Resources */,
				235E07D31E7F47CF00D83D16 /* example.json in Resources */,
				235E07ED1E7FA20F00D83D16 /* Localizable.strings in Resources */,
				2379B0831ECF78B900925F9A /* PostsViewController.xib in Resources */,
				235E07EE1E7FA20F00D83D16 /* Localizable.stringsdict in Resources */,
				2379B0851ECF794900925F9A /* PostCell.xib in Resources */,
				23A395F81E7DDF9800030DEF /* Assets.xcassets in Resources */,
				2379B0EE1ED9EED400925F9A /* FilterPostsViewController.xib in Resources */,
				2379B08B1ECF7DFB00925F9A /* MoreCommentsCell.xib in Resources */,
				2379B0911ECF821200925F9A /* SubredditCell.xib in Resources */,
			);
			runOnlyForDeploymentPostprocessing = 0;
		};
/* End PBXResourcesBuildPhase section */

/* Begin PBXShellScriptBuildPhase section */
		2358C7A61EC79658007F7B82 /* Carthage Copy Frameworks */ = {
			isa = PBXShellScriptBuildPhase;
			buildActionMask = 2147483647;
			files = (
			);
			inputPaths = (
				"$(SRCROOT)/Carthage/Build/iOS/BoltsSwift.framework",
			);
			name = "Carthage Copy Frameworks";
			outputPaths = (
			);
			runOnlyForDeploymentPostprocessing = 0;
			shellPath = /bin/sh;
			shellScript = "/usr/local/bin/carthage copy-frameworks";
		};
		23A395FF1E7DE0D300030DEF /* Carthage Copy Frameworks */ = {
			isa = PBXShellScriptBuildPhase;
			buildActionMask = 2147483647;
			files = (
			);
			inputPaths = (
				"$(SRCROOT)/Carthage/Build/iOS/BoltsSwift.framework",
				"$(SRCROOT)/Carthage/Build/iOS/Dwifft.framework",
				"$(SRCROOT)/Carthage/Build/iOS/CocoaMarkdown.framework",
			);
			name = "Carthage Copy Frameworks";
			outputPaths = (
			);
			runOnlyForDeploymentPostprocessing = 0;
			shellPath = /bin/sh;
			shellScript = "/usr/local/bin/carthage copy-frameworks";
		};
/* End PBXShellScriptBuildPhase section */

/* Begin PBXSourcesBuildPhase section */
		233756341EC6794F0051ED2C /* Sources */ = {
			isa = PBXSourcesBuildPhase;
			buildActionMask = 2147483647;
			files = (
				23B332341ECF465300480122 /* TestableCoreDataControllerTests.swift in Sources */,
				23B332321ECF464100480122 /* PostsViewControllerTests.swift in Sources */,
				23B332301ECF464100480122 /* TestableCoreDataController.swift in Sources */,
				23B332311ECF464100480122 /* BaseTestCase.swift in Sources */,
				2379B0931ECF984000925F9A /* CommentsViewControllerTests.swift in Sources */,
			);
			runOnlyForDeploymentPostprocessing = 0;
		};
		23A395C11E7DDE8600030DEF /* Sources */ = {
			isa = PBXSourcesBuildPhase;
			buildActionMask = 2147483647;
			files = (
				234DEB971EE7008B001A79A1 /* UIView+Xib.swift in Sources */,
				2379B07E1ECF787900925F9A /* PostsDownloader.swift in Sources */,
				234094CE1EDEA3B700359C84 /* TableViewDiffing.swift in Sources */,
				234094D41EE4273600359C84 /* TopToolbar.swift in Sources */,
				2379B0811ECF787900925F9A /* SubredditsViewController.swift in Sources */,
				2379B07A1ECF787900925F9A /* EitherMoreComments.swift in Sources */,
				23A395F31E7DDF9800030DEF /* APIClient+Response.swift in Sources */,
				2379B07F1ECF787900925F9A /* PostsViewController.swift in Sources */,
				23A396091E7E19DC00030DEF /* AsyncOperation.swift in Sources */,
				2379B07C1ECF787900925F9A /* PostCellModel.swift in Sources */,
				2379B0AB1ED5671600925F9A /* CommentSorting.swift in Sources */,
				23A396051E7E021500030DEF /* Identifiable.swift in Sources */,
				2379B0771ECF787900925F9A /* CommentsDataSource.swift in Sources */,
				23F9F3451EC0592A005A0606 /* DataProvider.swift in Sources */,
				23BED7211EBE24510072C2CE /* UIActivityIndicatorViewAnimating.swift in Sources */,
				234094D61EE545D700359C84 /* MoreCommentsBatching.swift in Sources */,
				2379B0E81ED9D64B00925F9A /* FilterPostsSegmentedControlCell.swift in Sources */,
				235E07D71E7F525100D83D16 /* NSManagedObject+Create.swift in Sources */,
				235E08031E80E4BF00D83D16 /* NavigationController.swift in Sources */,
				2379B07D1ECF787900925F9A /* PostsDataSource.swift in Sources */,
				235E07D51E7F492600D83D16 /* MoreComments.swift in Sources */,
				235E08061E81430C00D83D16 /* NetworkReachability.m in Sources */,
				23A3960B1E7E22C300030DEF /* Comment.swift in Sources */,
				23A396031E7E011D00030DEF /* Post.swift in Sources */,
				2379B0951ED1B3E700925F9A /* ReusableCell.swift in Sources */,
				2379B0A51ED20EB600925F9A /* SubredditsProvider.swift in Sources */,
				2379B0D71ED884C300925F9A /* InfoToolbar.swift in Sources */,
				234DEB951EE6A4C9001A79A1 /* CommentCellModel.swift in Sources */,
				2379B0EC1ED9E0C000925F9A /* UISegmentedControl+Items.swift in Sources */,
				2379B0AF1ED6D03800925F9A /* PostSorting.swift in Sources */,
				23F9F3471EC0A8E2005A0606 /* OfflineRemoteProvider.swift in Sources */,
				23A395F51E7DDF9800030DEF /* APIClient.swift in Sources */,
				23A395F61E7DDF9800030DEF /* CoreDataController.swift in Sources */,
				234094D01EE012F000359C84 /* WebsiteCaching.swift in Sources */,
				235E07CB1E7EA0B900D83D16 /* UIViewController+Fetching.swift in Sources */,
				235E07C71E7E92E600D83D16 /* Constants.swift in Sources */,
				2379B0791ECF787900925F9A /* CommentsViewController.swift in Sources */,
				23A395F41E7DDF9800030DEF /* APIClient+URLSessionDelegate.swift in Sources */,
				2379B09D1ED1BE2E00925F9A /* PostsProvider.swift in Sources */,
				2379B0AD1ED5CFA100925F9A /* Sorts.swift in Sources */,
				2379B07B1ECF787900925F9A /* PostCell.swift in Sources */,
				2379B0EA1ED9D8C900925F9A /* FilterPostsSortCell.swift in Sources */,
				2379B09F1ED1CDFB00925F9A /* CommentsProvider.swift in Sources */,
				235E08011E80D25100D83D16 /* SeparatorView.swift in Sources */,
				2379B0781ECF787900925F9A /* CommentsDownloader.swift in Sources */,
				2379B0801ECF787900925F9A /* SubredditCell.swift in Sources */,
				23A395F71E7DDF9800030DEF /* Mapper.swift in Sources */,
				2379B0DC1ED8CB0100925F9A /* FilterPostsViewController.swift in Sources */,
				2379B0E21ED9D49700925F9A /* FilterPostsDataSource.swift in Sources */,
				2379B0A31ED20E6600925F9A /* SubredditsDataSource.swift in Sources */,
				235E07DD1E7F637000D83D16 /* Either.swift in Sources */,
				2379B08D1ECF7E0A00925F9A /* MoreCommentsCell.swift in Sources */,
				23A395F11E7DDF9800030DEF /* APIClient+Endpoints.swift in Sources */,
				2379B0761ECF787900925F9A /* CommentsCell.swift in Sources */,
				235E07FD1E80943D00D83D16 /* MarginTextField.swift in Sources */,
				23A395F21E7DDF9800030DEF /* APIClient+Logging.swift in Sources */,
				23A395C91E7DDE8600030DEF /* AppDelegate.swift in Sources */,
				2379B0A11ED1D63100925F9A /* SettableReachability.swift in Sources */,
				23A396011E7E00F400030DEF /* Subreddit.swift in Sources */,
				234094D21EE2D07700359C84 /* Task+Void.swift in Sources */,
				23A395F01E7DDF9800030DEF /* OfflineReddit.xcdatamodeld in Sources */,
				2383200B1EDB66DE009B8C24 /* LabelSliderControl.swift in Sources */,
			);
			runOnlyForDeploymentPostprocessing = 0;
		};
/* End PBXSourcesBuildPhase section */

/* Begin PBXTargetDependency section */
		2337563E1EC6794F0051ED2C /* PBXTargetDependency */ = {
			isa = PBXTargetDependency;
			target = 23A395C41E7DDE8600030DEF /* OfflineReddit */;
			targetProxy = 2337563D1EC6794F0051ED2C /* PBXContainerItemProxy */;
		};
/* End PBXTargetDependency section */

/* Begin PBXVariantGroup section */
		235E07E91E7FA20F00D83D16 /* Localizable.strings */ = {
			isa = PBXVariantGroup;
			children = (
				235E07EA1E7FA20F00D83D16 /* en */,
			);
			name = Localizable.strings;
			sourceTree = "<group>";
		};
		235E07EB1E7FA20F00D83D16 /* Localizable.stringsdict */ = {
			isa = PBXVariantGroup;
			children = (
				235E07EC1E7FA20F00D83D16 /* en */,
			);
			name = Localizable.stringsdict;
			sourceTree = "<group>";
		};
/* End PBXVariantGroup section */

/* Begin XCBuildConfiguration section */
		233756401EC6794F0051ED2C /* Debug */ = {
			isa = XCBuildConfiguration;
			buildSettings = {
				BUNDLE_LOADER = "$(TEST_HOST)";
				DEVELOPMENT_TEAM = CQSYPH2WC6;
				FRAMEWORK_SEARCH_PATHS = (
					"$(inherited)",
					"$(PROJECT_DIR)/Carthage/Build/iOS",
				);
				INFOPLIST_FILE = RedditOfflineTests/Info.plist;
				LD_RUNPATH_SEARCH_PATHS = "$(inherited) @executable_path/Frameworks @loader_path/Frameworks";
				PRODUCT_BUNDLE_IDENTIFIER = jrb.RedditOfflineTests;
				PRODUCT_NAME = "$(TARGET_NAME)";
				SWIFT_VERSION = 3.0;
				TEST_HOST = "$(BUILT_PRODUCTS_DIR)/OfflineReddit.app/OfflineReddit";
			};
			name = Debug;
		};
		233756411EC6794F0051ED2C /* Release */ = {
			isa = XCBuildConfiguration;
			buildSettings = {
				BUNDLE_LOADER = "$(TEST_HOST)";
				DEVELOPMENT_TEAM = CQSYPH2WC6;
				FRAMEWORK_SEARCH_PATHS = (
					"$(inherited)",
					"$(PROJECT_DIR)/Carthage/Build/iOS",
				);
				INFOPLIST_FILE = RedditOfflineTests/Info.plist;
				LD_RUNPATH_SEARCH_PATHS = "$(inherited) @executable_path/Frameworks @loader_path/Frameworks";
				PRODUCT_BUNDLE_IDENTIFIER = jrb.RedditOfflineTests;
				PRODUCT_NAME = "$(TARGET_NAME)";
				SWIFT_VERSION = 3.0;
				TEST_HOST = "$(BUILT_PRODUCTS_DIR)/OfflineReddit.app/OfflineReddit";
			};
			name = Release;
		};
		23A395D81E7DDE8600030DEF /* Debug */ = {
			isa = XCBuildConfiguration;
			buildSettings = {
				ALWAYS_SEARCH_USER_PATHS = NO;
				CLANG_ANALYZER_NONNULL = YES;
				CLANG_ANALYZER_NUMBER_OBJECT_CONVERSION = YES_AGGRESSIVE;
				CLANG_CXX_LANGUAGE_STANDARD = "gnu++0x";
				CLANG_CXX_LIBRARY = "libc++";
				CLANG_ENABLE_MODULES = YES;
				CLANG_ENABLE_OBJC_ARC = YES;
				CLANG_WARN_BOOL_CONVERSION = YES;
				CLANG_WARN_CONSTANT_CONVERSION = YES;
				CLANG_WARN_DIRECT_OBJC_ISA_USAGE = YES_ERROR;
				CLANG_WARN_DOCUMENTATION_COMMENTS = YES;
				CLANG_WARN_EMPTY_BODY = YES;
				CLANG_WARN_ENUM_CONVERSION = YES;
				CLANG_WARN_INFINITE_RECURSION = YES;
				CLANG_WARN_INT_CONVERSION = YES;
				CLANG_WARN_OBJC_ROOT_CLASS = YES_ERROR;
				CLANG_WARN_SUSPICIOUS_MOVE = YES;
				CLANG_WARN_UNREACHABLE_CODE = YES;
				CLANG_WARN__DUPLICATE_METHOD_MATCH = YES;
				"CODE_SIGN_IDENTITY[sdk=iphoneos*]" = "iPhone Developer";
				COPY_PHASE_STRIP = NO;
				DEBUG_INFORMATION_FORMAT = dwarf;
				ENABLE_STRICT_OBJC_MSGSEND = YES;
				ENABLE_TESTABILITY = YES;
				GCC_C_LANGUAGE_STANDARD = gnu99;
				GCC_DYNAMIC_NO_PIC = NO;
				GCC_NO_COMMON_BLOCKS = YES;
				GCC_OPTIMIZATION_LEVEL = 0;
				GCC_PREPROCESSOR_DEFINITIONS = (
					"DEBUG=1",
					"$(inherited)",
				);
				GCC_WARN_64_TO_32_BIT_CONVERSION = YES;
				GCC_WARN_ABOUT_RETURN_TYPE = YES_ERROR;
				GCC_WARN_UNDECLARED_SELECTOR = YES;
				GCC_WARN_UNINITIALIZED_AUTOS = YES_AGGRESSIVE;
				GCC_WARN_UNUSED_FUNCTION = YES;
				GCC_WARN_UNUSED_VARIABLE = YES;
				IPHONEOS_DEPLOYMENT_TARGET = 10.3;
				MTL_ENABLE_DEBUG_INFO = YES;
				ONLY_ACTIVE_ARCH = YES;
				SDKROOT = iphoneos;
				SWIFT_ACTIVE_COMPILATION_CONDITIONS = DEBUG;
				SWIFT_OPTIMIZATION_LEVEL = "-Onone";
				TARGETED_DEVICE_FAMILY = "1,2";
			};
			name = Debug;
		};
		23A395D91E7DDE8600030DEF /* Release */ = {
			isa = XCBuildConfiguration;
			buildSettings = {
				ALWAYS_SEARCH_USER_PATHS = NO;
				CLANG_ANALYZER_NONNULL = YES;
				CLANG_ANALYZER_NUMBER_OBJECT_CONVERSION = YES_AGGRESSIVE;
				CLANG_CXX_LANGUAGE_STANDARD = "gnu++0x";
				CLANG_CXX_LIBRARY = "libc++";
				CLANG_ENABLE_MODULES = YES;
				CLANG_ENABLE_OBJC_ARC = YES;
				CLANG_WARN_BOOL_CONVERSION = YES;
				CLANG_WARN_CONSTANT_CONVERSION = YES;
				CLANG_WARN_DIRECT_OBJC_ISA_USAGE = YES_ERROR;
				CLANG_WARN_DOCUMENTATION_COMMENTS = YES;
				CLANG_WARN_EMPTY_BODY = YES;
				CLANG_WARN_ENUM_CONVERSION = YES;
				CLANG_WARN_INFINITE_RECURSION = YES;
				CLANG_WARN_INT_CONVERSION = YES;
				CLANG_WARN_OBJC_ROOT_CLASS = YES_ERROR;
				CLANG_WARN_SUSPICIOUS_MOVE = YES;
				CLANG_WARN_UNREACHABLE_CODE = YES;
				CLANG_WARN__DUPLICATE_METHOD_MATCH = YES;
				"CODE_SIGN_IDENTITY[sdk=iphoneos*]" = "iPhone Developer";
				COPY_PHASE_STRIP = NO;
				DEBUG_INFORMATION_FORMAT = "dwarf-with-dsym";
				ENABLE_NS_ASSERTIONS = NO;
				ENABLE_STRICT_OBJC_MSGSEND = YES;
				GCC_C_LANGUAGE_STANDARD = gnu99;
				GCC_NO_COMMON_BLOCKS = YES;
				GCC_WARN_64_TO_32_BIT_CONVERSION = YES;
				GCC_WARN_ABOUT_RETURN_TYPE = YES_ERROR;
				GCC_WARN_UNDECLARED_SELECTOR = YES;
				GCC_WARN_UNINITIALIZED_AUTOS = YES_AGGRESSIVE;
				GCC_WARN_UNUSED_FUNCTION = YES;
				GCC_WARN_UNUSED_VARIABLE = YES;
				IPHONEOS_DEPLOYMENT_TARGET = 10.3;
				MTL_ENABLE_DEBUG_INFO = NO;
				SDKROOT = iphoneos;
				SWIFT_OPTIMIZATION_LEVEL = "-Owholemodule";
				TARGETED_DEVICE_FAMILY = "1,2";
				VALIDATE_PRODUCT = YES;
			};
			name = Release;
		};
		23A395DB1E7DDE8600030DEF /* Debug */ = {
			isa = XCBuildConfiguration;
			buildSettings = {
				ASSETCATALOG_COMPILER_APPICON_NAME = AppIcon;
				CLANG_ENABLE_MODULES = YES;
				DEVELOPMENT_TEAM = BDH6VR2X2P;
				FRAMEWORK_SEARCH_PATHS = (
					"$(inherited)",
					"$(PROJECT_DIR)/Carthage/Build/iOS",
				);
				INFOPLIST_FILE = "OfflineReddit/Supporting Files/Info.plist";
				IPHONEOS_DEPLOYMENT_TARGET = 9.0;
				LD_RUNPATH_SEARCH_PATHS = "$(inherited) @executable_path/Frameworks";
				PRODUCT_BUNDLE_IDENTIFIER = jrb.OfflineReddit;
				PRODUCT_NAME = "$(TARGET_NAME)";
				PROVISIONING_PROFILE = "d69f6294-06a0-4e02-8b56-cf9c294c6d54";
				PROVISIONING_PROFILE_SPECIFIER = "All Apps for Jake";
				SWIFT_OBJC_BRIDGING_HEADER = "OfflineReddit/Supporting Files/OfflineReddit-Bridging-Header.h";
				SWIFT_OPTIMIZATION_LEVEL = "-Onone";
				SWIFT_VERSION = 3.0;
			};
			name = Debug;
		};
		23A395DC1E7DDE8600030DEF /* Release */ = {
			isa = XCBuildConfiguration;
			buildSettings = {
				ASSETCATALOG_COMPILER_APPICON_NAME = AppIcon;
				CLANG_ENABLE_MODULES = YES;
				DEVELOPMENT_TEAM = BDH6VR2X2P;
				FRAMEWORK_SEARCH_PATHS = (
					"$(inherited)",
					"$(PROJECT_DIR)/Carthage/Build/iOS",
				);
				INFOPLIST_FILE = "OfflineReddit/Supporting Files/Info.plist";
				IPHONEOS_DEPLOYMENT_TARGET = 9.0;
				LD_RUNPATH_SEARCH_PATHS = "$(inherited) @executable_path/Frameworks";
				PRODUCT_BUNDLE_IDENTIFIER = jrb.OfflineReddit;
				PRODUCT_NAME = "$(TARGET_NAME)";
				PROVISIONING_PROFILE = "d69f6294-06a0-4e02-8b56-cf9c294c6d54";
				PROVISIONING_PROFILE_SPECIFIER = "All Apps for Jake";
				SWIFT_OBJC_BRIDGING_HEADER = "OfflineReddit/Supporting Files/OfflineReddit-Bridging-Header.h";
				SWIFT_VERSION = 3.0;
			};
			name = Release;
		};
/* End XCBuildConfiguration section */

/* Begin XCConfigurationList section */
		2337563F1EC6794F0051ED2C /* Build configuration list for PBXNativeTarget "RedditOfflineTests" */ = {
			isa = XCConfigurationList;
			buildConfigurations = (
				233756401EC6794F0051ED2C /* Debug */,
				233756411EC6794F0051ED2C /* Release */,
			);
			defaultConfigurationIsVisible = 0;
			defaultConfigurationName = Release;
		};
		23A395C01E7DDE8600030DEF /* Build configuration list for PBXProject "OfflineReddit" */ = {
			isa = XCConfigurationList;
			buildConfigurations = (
				23A395D81E7DDE8600030DEF /* Debug */,
				23A395D91E7DDE8600030DEF /* Release */,
			);
			defaultConfigurationIsVisible = 0;
			defaultConfigurationName = Release;
		};
		23A395DA1E7DDE8600030DEF /* Build configuration list for PBXNativeTarget "OfflineReddit" */ = {
			isa = XCConfigurationList;
			buildConfigurations = (
				23A395DB1E7DDE8600030DEF /* Debug */,
				23A395DC1E7DDE8600030DEF /* Release */,
			);
			defaultConfigurationIsVisible = 0;
			defaultConfigurationName = Release;
		};
/* End XCConfigurationList section */

/* Begin XCVersionGroup section */
		23A395DE1E7DDF9800030DEF /* OfflineReddit.xcdatamodeld */ = {
			isa = XCVersionGroup;
			children = (
				23A395DF1E7DDF9800030DEF /* OfflineReddit.xcdatamodel */,
			);
			currentVersion = 23A395DF1E7DDF9800030DEF /* OfflineReddit.xcdatamodel */;
			path = OfflineReddit.xcdatamodeld;
			sourceTree = "<group>";
			versionGroupType = wrapper.xcdatamodel;
		};
/* End XCVersionGroup section */
	};
	rootObject = 23A395BD1E7DDE8600030DEF /* Project object */;
}
